
Microsoft Visual Studio Solution File, Format Version 12.00
# Visual Studio 14
VisualStudioVersion = 14.0.24720.0
MinimumVisualStudioVersion = 10.0.40219.1
Project("{FAE04EC0-301F-11D3-BF4B-00C04F79EFBC}") = "WeatherApp.Models", "WeatherApp.Models\WeatherApp.Models.csproj", "{FC0894C6-073B-4768-A017-B6BBF7D46BF2}"
EndProject
Project("{FAE04EC0-301F-11D3-BF4B-00C04F79EFBC}") = "GlobalWeatherServiceProxy", "GlobalWeatherServiceProxy\GlobalWeatherServiceProxy.csproj", "{2BAE7C16-1096-4C8E-BAE8-EA0ADEDFD9D7}"
EndProject
Project("{FAE04EC0-301F-11D3-BF4B-00C04F79EFBC}") = "WeatherApp.Data", "WeatherApp.Data\WeatherApp.Data.csproj", "{082ACFC8-694E-452B-9AE6-F9B95A7E9EF9}"
EndProject
Project("{FAE04EC0-301F-11D3-BF4B-00C04F79EFBC}") = "WeatherService", "WeatherService\WeatherService.csproj", "{AE8B49D9-F56A-4847-BB59-1AB2480A23B8}"
EndProject
Project("{FAE04EC0-301F-11D3-BF4B-00C04F79EFBC}") = "WeatherApplication", "WeatherApplication\WeatherApplication.csproj", "{5495D7BF-E730-4F8A-AEA6-E3665B0B0A7D}"
EndProject
Project("{FAE04EC0-301F-11D3-BF4B-00C04F79EFBC}") = "WeatherService.Tests", "WeatherService.Tests\WeatherService.Tests.csproj", "{916D6C3A-0CDA-4238-AA59-4784228D6885}"
EndProject
Global
	GlobalSection(SolutionConfigurationPlatforms) = preSolution
		Debug|Any CPU = Debug|Any CPU
		Release|Any CPU = Release|Any CPU
	EndGlobalSection
	GlobalSection(ProjectConfigurationPlatforms) = postSolution
		{FC0894C6-073B-4768-A017-B6BBF7D46BF2}.Debug|Any CPU.ActiveCfg = Debug|Any CPU
		{FC0894C6-073B-4768-A017-B6BBF7D46BF2}.Debug|Any CPU.Build.0 = Debug|Any CPU
		{FC0894C6-073B-4768-A017-B6BBF7D46BF2}.Release|Any CPU.ActiveCfg = Release|Any CPU
		{FC0894C6-073B-4768-A017-B6BBF7D46BF2}.Release|Any CPU.Build.0 = Release|Any CPU
		{2BAE7C16-1096-4C8E-BAE8-EA0ADEDFD9D7}.Debug|Any CPU.ActiveCfg = Debug|Any CPU
		{2BAE7C16-1096-4C8E-BAE8-EA0ADEDFD9D7}.Debug|Any CPU.Build.0 = Debug|Any CPU
		{2BAE7C16-1096-4C8E-BAE8-EA0ADEDFD9D7}.Release|Any CPU.ActiveCfg = Release|Any CPU
		{2BAE7C16-1096-4C8E-BAE8-EA0ADEDFD9D7}.Release|Any CPU.Build.0 = Release|Any CPU
		{082ACFC8-694E-452B-9AE6-F9B95A7E9EF9}.Debug|Any CPU.ActiveCfg = Debug|Any CPU
		{082ACFC8-694E-452B-9AE6-F9B95A7E9EF9}.Debug|Any CPU.Build.0 = Debug|Any CPU
		{082ACFC8-694E-452B-9AE6-F9B95A7E9EF9}.Release|Any CPU.ActiveCfg = Release|Any CPU
		{082ACFC8-694E-452B-9AE6-F9B95A7E9EF9}.Release|Any CPU.Build.0 = Release|Any CPU
		{AE8B49D9-F56A-4847-BB59-1AB2480A23B8}.Debug|Any CPU.ActiveCfg = Debug|Any CPU
		{AE8B49D9-F56A-4847-BB59-1AB2480A23B8}.Debug|Any CPU.Build.0 = Debug|Any CPU
		{AE8B49D9-F56A-4847-BB59-1AB2480A23B8}.Release|Any CPU.ActiveCfg = Release|Any CPU
		{AE8B49D9-F56A-4847-BB59-1AB2480A23B8}.Release|Any CPU.Build.0 = Release|Any CPU
		{5495D7BF-E730-4F8A-AEA6-E3665B0B0A7D}.Debug|Any CPU.ActiveCfg = Debug|Any CPU
		{5495D7BF-E730-4F8A-AEA6-E3665B0B0A7D}.Debug|Any CPU.Build.0 = Debug|Any CPU
		{5495D7BF-E730-4F8A-AEA6-E3665B0B0A7D}.Release|Any CPU.ActiveCfg = Release|Any CPU
		{5495D7BF-E730-4F8A-AEA6-E3665B0B0A7D}.Release|Any CPU.Build.0 = Release|Any CPU
		{916D6C3A-0CDA-4238-AA59-4784228D6885}.Debug|Any CPU.ActiveCfg = Debug|Any CPU
		{916D6C3A-0CDA-4238-AA59-4784228D6885}.Debug|Any CPU.Build.0 = Debug|Any CPU
		{916D6C3A-0CDA-4238-AA59-4784228D6885}.Release|Any CPU.ActiveCfg = Release|Any CPU
		{916D6C3A-0CDA-4238-AA59-4784228D6885}.Release|Any CPU.Build.0 = Release|Any CPU
	EndGlobalSection
	GlobalSection(SolutionProperties) = preSolution
		HideSolutionNode = FALSE
	EndGlobalSection
EndGlobal
